
Microsoft Visual Studio Solution File, Format Version 12.00
# Visual Studio Version 16
VisualStudioVersion = 16.0.28803.352
MinimumVisualStudioVersion = 10.0.40219.1
Project("{FAE04EC0-301F-11D3-BF4B-00C04F79EFBC}") = "Plisky.Diagnostics", "Plisky.Diagnostics\Plisky.Diagnostics.csproj", "{53C50174-FB06-4127-8E23-E077EBD5BD91}"
EndProject
Project("{D954291E-2A0B-460D-934E-DC6B0785DB48}") = "BilgeCore", "BilgeCore\BilgeCore.shproj", "{18C26C0C-4C5C-47D1-9872-CAE3F5B2ECA0}"
EndProject
Project("{FAE04EC0-301F-11D3-BF4B-00C04F79EFBC}") = "_Dependencies", "_Dependencies\_Dependencies.csproj", "{6A505E98-EAE9-44A1-9B62-D30617367DC0}"
EndProject
Project("{D954291E-2A0B-460D-934E-DC6B0785DB48}") = "BilgeListeners", "BilgeListeners\BilgeListeners.shproj", "{7EEBC5CC-1F72-4D49-A29D-3A29AF4ACB6B}"
EndProject
Project("{FAE04EC0-301F-11D3-BF4B-00C04F79EFBC}") = "Plisky.Diagnostics.Listeners", "Plisky.Diagnostics.Listeners\Plisky.Diagnostics.Listeners.csproj", "{B2E59DAC-B8CF-42EE-AD8D-6C210336C186}"
EndProject
Project("{FAE04EC0-301F-11D3-BF4B-00C04F79EFBC}") = "Plisky.Diagnostics.Test", "Plisky.Diagnostics.Test\Plisky.Diagnostics.Test.csproj", "{62CA003A-038B-487F-83B5-FA4FE9C6E075}"
EndProject
Project("{FAE04EC0-301F-11D3-BF4B-00C04F79EFBC}") = "PliskyTester", "PliskyTester\PliskyTester.csproj", "{4A476B6D-A64E-41D7-AE8B-ACEBA8005018}"
EndProject
Project("{FAE04EC0-301F-11D3-BF4B-00C04F79EFBC}") = "Plisky.Diagnostics452", "FrameworkVersions\Plisky.Diagnostics452\Plisky.Diagnostics452.csproj", "{18C8AE86-C0D4-4878-8504-6BA9FD6139FE}"
EndProject
Project("{2150E333-8FDC-42A3-9474-1A3956D46DE8}") = "FrameworkVersions", "FrameworkVersions", "{AA57BA54-892A-4F5B-B4DF-397A51FE3133}"
EndProject
Project("{FAE04EC0-301F-11D3-BF4B-00C04F79EFBC}") = "Plisky.Diagnostics.Listeners452", "FrameworkVersions\Plisky.Diagnostics.Listeners452\Plisky.Diagnostics.Listeners452.csproj", "{68D8A0D0-4E15-4B93-BD40-1B16E0B48B99}"
EndProject
Project("{FAE04EC0-301F-11D3-BF4B-00C04F79EFBC}") = "Plisky.Diagnostics40", "FrameworkVersions\Plisky.Diagnostics40\Plisky.Diagnostics40.csproj", "{4C7BF124-FD47-4799-8A50-F83F882A9483}"
EndProject
Project("{FAE04EC0-301F-11D3-BF4B-00C04F79EFBC}") = "Plisky.Diagnostics.Listeners40", "FrameworkVersions\Plisky.Diagnostics.Listeners40\Plisky.Diagnostics.Listeners40.csproj", "{CB8B3022-7E29-4D08-86D1-93FE2C2617A1}"
EndProject
Project("{9A19103F-16F7-4668-BE54-9A1E7A4F7556}") = "Plisky.DiagnosticsStd2", "FrameworkVersions\Plisky.DiagnosticsStd2\Plisky.DiagnosticsStd2.csproj", "{BDED7CC7-FAF1-4455-8AC2-2B6BCC2AAA34}"
EndProject
Project("{9A19103F-16F7-4668-BE54-9A1E7A4F7556}") = "Plisky.Diagnostics.ListenersStd2", "FrameworkVersions\Plisky.Diagnostics.ListenersStd2\Plisky.Diagnostics.ListenersStd2.csproj", "{C2F58962-F7E0-455F-85B2-ECEC2ED97942}"
EndProject
Project("{FAE04EC0-301F-11D3-BF4B-00C04F79EFBC}") = "TestConsole452", "FrameworkVersions\TestConsole452\TestConsole452.csproj", "{5D25F9E6-04A2-4546-AB65-B44D878E668C}"
EndProject
Project("{FAE04EC0-301F-11D3-BF4B-00C04F79EFBC}") = "TestConsole450", "FrameworkVersions\TestConsole450\TestConsole450.csproj", "{10956870-334D-4812-9C1A-9D0300452CE4}"
EndProject
Project("{D954291E-2A0B-460D-934E-DC6B0785DB48}") = "TestConsoleShared", "TestConsoleShared\TestConsoleShared.shproj", "{2F1BD31E-EA5D-4D8F-81C8-2B58AC0BD052}"
EndProject
Project("{9A19103F-16F7-4668-BE54-9A1E7A4F7556}") = "TestConsoleCore31", "TestConsoleCore\TestConsoleCore31.csproj", "{64730EF2-7780-4896-8F40-A6DB4298C283}"
EndProject
Global
	GlobalSection(SharedMSBuildProjectFiles) = preSolution
		TestConsoleShared\TestConsoleShared.projitems*{10956870-334d-4812-9c1a-9d0300452ce4}*SharedItemsImports = 4
		BilgeCore\BilgeCore.projitems*{18c26c0c-4c5c-47d1-9872-cae3f5b2eca0}*SharedItemsImports = 13
		BilgeCore\BilgeCore.projitems*{18c8ae86-c0d4-4878-8504-6ba9fd6139fe}*SharedItemsImports = 4
		TestConsoleShared\TestConsoleShared.projitems*{2f1bd31e-ea5d-4d8f-81c8-2b58ac0bd052}*SharedItemsImports = 13
		BilgeCore\BilgeCore.projitems*{4c7bf124-fd47-4799-8a50-f83f882a9483}*SharedItemsImports = 4
		BilgeCore\BilgeCore.projitems*{53c50174-fb06-4127-8e23-e077ebd5bd91}*SharedItemsImports = 4
		TestConsoleShared\TestConsoleShared.projitems*{5d25f9e6-04a2-4546-ab65-b44d878e668c}*SharedItemsImports = 4
		TestConsoleShared\TestConsoleShared.projitems*{64730ef2-7780-4896-8f40-a6db4298c283}*SharedItemsImports = 5
		BilgeListeners\BilgeListeners.projitems*{68d8a0d0-4e15-4b93-bd40-1b16e0b48b99}*SharedItemsImports = 4
		BilgeListeners\BilgeListeners.projitems*{7eebc5cc-1f72-4d49-a29d-3a29af4acb6b}*SharedItemsImports = 13
		BilgeListeners\BilgeListeners.projitems*{b2e59dac-b8cf-42ee-ad8d-6c210336c186}*SharedItemsImports = 4
		BilgeCore\BilgeCore.projitems*{bded7cc7-faf1-4455-8ac2-2b6bcc2aaa34}*SharedItemsImports = 5
		BilgeListeners\BilgeListeners.projitems*{c2f58962-f7e0-455f-85b2-ecec2ed97942}*SharedItemsImports = 5
		BilgeListeners\BilgeListeners.projitems*{cb8b3022-7e29-4d08-86d1-93fe2c2617a1}*SharedItemsImports = 4
	EndGlobalSection
	GlobalSection(SolutionConfigurationPlatforms) = preSolution
		Debug|Any CPU = Debug|Any CPU
		Develop|Any CPU = Develop|Any CPU
		Release|Any CPU = Release|Any CPU
	EndGlobalSection
	GlobalSection(ProjectConfigurationPlatforms) = postSolution
		{53C50174-FB06-4127-8E23-E077EBD5BD91}.Debug|Any CPU.ActiveCfg = Debug|Any CPU
		{53C50174-FB06-4127-8E23-E077EBD5BD91}.Debug|Any CPU.Build.0 = Debug|Any CPU
		{53C50174-FB06-4127-8E23-E077EBD5BD91}.Develop|Any CPU.ActiveCfg = Debug|Any CPU
		{53C50174-FB06-4127-8E23-E077EBD5BD91}.Develop|Any CPU.Build.0 = Debug|Any CPU
		{53C50174-FB06-4127-8E23-E077EBD5BD91}.Release|Any CPU.ActiveCfg = Release|Any CPU
		{53C50174-FB06-4127-8E23-E077EBD5BD91}.Release|Any CPU.Build.0 = Release|Any CPU
		{6A505E98-EAE9-44A1-9B62-D30617367DC0}.Debug|Any CPU.ActiveCfg = Debug|Any CPU
		{6A505E98-EAE9-44A1-9B62-D30617367DC0}.Debug|Any CPU.Build.0 = Debug|Any CPU
		{6A505E98-EAE9-44A1-9B62-D30617367DC0}.Develop|Any CPU.ActiveCfg = Develop|Any CPU
		{6A505E98-EAE9-44A1-9B62-D30617367DC0}.Develop|Any CPU.Build.0 = Develop|Any CPU
		{6A505E98-EAE9-44A1-9B62-D30617367DC0}.Release|Any CPU.ActiveCfg = Release|Any CPU
		{6A505E98-EAE9-44A1-9B62-D30617367DC0}.Release|Any CPU.Build.0 = Release|Any CPU
		{B2E59DAC-B8CF-42EE-AD8D-6C210336C186}.Debug|Any CPU.ActiveCfg = Debug|Any CPU
		{B2E59DAC-B8CF-42EE-AD8D-6C210336C186}.Debug|Any CPU.Build.0 = Debug|Any CPU
		{B2E59DAC-B8CF-42EE-AD8D-6C210336C186}.Develop|Any CPU.ActiveCfg = Debug|Any CPU
		{B2E59DAC-B8CF-42EE-AD8D-6C210336C186}.Develop|Any CPU.Build.0 = Debug|Any CPU
		{B2E59DAC-B8CF-42EE-AD8D-6C210336C186}.Release|Any CPU.ActiveCfg = Release|Any CPU
		{B2E59DAC-B8CF-42EE-AD8D-6C210336C186}.Release|Any CPU.Build.0 = Release|Any CPU
		{62CA003A-038B-487F-83B5-FA4FE9C6E075}.Debug|Any CPU.ActiveCfg = Debug|Any CPU
		{62CA003A-038B-487F-83B5-FA4FE9C6E075}.Debug|Any CPU.Build.0 = Debug|Any CPU
		{62CA003A-038B-487F-83B5-FA4FE9C6E075}.Develop|Any CPU.ActiveCfg = Debug|Any CPU
		{62CA003A-038B-487F-83B5-FA4FE9C6E075}.Develop|Any CPU.Build.0 = Debug|Any CPU
		{62CA003A-038B-487F-83B5-FA4FE9C6E075}.Release|Any CPU.ActiveCfg = Release|Any CPU
		{62CA003A-038B-487F-83B5-FA4FE9C6E075}.Release|Any CPU.Build.0 = Release|Any CPU
		{4A476B6D-A64E-41D7-AE8B-ACEBA8005018}.Debug|Any CPU.ActiveCfg = Debug|Any CPU
		{4A476B6D-A64E-41D7-AE8B-ACEBA8005018}.Debug|Any CPU.Build.0 = Debug|Any CPU
		{4A476B6D-A64E-41D7-AE8B-ACEBA8005018}.Develop|Any CPU.ActiveCfg = Debug|Any CPU
		{4A476B6D-A64E-41D7-AE8B-ACEBA8005018}.Develop|Any CPU.Build.0 = Debug|Any CPU
		{4A476B6D-A64E-41D7-AE8B-ACEBA8005018}.Release|Any CPU.ActiveCfg = Release|Any CPU
		{4A476B6D-A64E-41D7-AE8B-ACEBA8005018}.Release|Any CPU.Build.0 = Release|Any CPU
		{18C8AE86-C0D4-4878-8504-6BA9FD6139FE}.Debug|Any CPU.ActiveCfg = Debug|Any CPU
		{18C8AE86-C0D4-4878-8504-6BA9FD6139FE}.Debug|Any CPU.Build.0 = Debug|Any CPU
		{18C8AE86-C0D4-4878-8504-6BA9FD6139FE}.Develop|Any CPU.ActiveCfg = Debug|Any CPU
		{18C8AE86-C0D4-4878-8504-6BA9FD6139FE}.Develop|Any CPU.Build.0 = Debug|Any CPU
		{18C8AE86-C0D4-4878-8504-6BA9FD6139FE}.Release|Any CPU.ActiveCfg = Release|Any CPU
		{18C8AE86-C0D4-4878-8504-6BA9FD6139FE}.Release|Any CPU.Build.0 = Release|Any CPU
		{68D8A0D0-4E15-4B93-BD40-1B16E0B48B99}.Debug|Any CPU.ActiveCfg = Debug|Any CPU
		{68D8A0D0-4E15-4B93-BD40-1B16E0B48B99}.Debug|Any CPU.Build.0 = Debug|Any CPU
		{68D8A0D0-4E15-4B93-BD40-1B16E0B48B99}.Develop|Any CPU.ActiveCfg = Debug|Any CPU
		{68D8A0D0-4E15-4B93-BD40-1B16E0B48B99}.Develop|Any CPU.Build.0 = Debug|Any CPU
		{68D8A0D0-4E15-4B93-BD40-1B16E0B48B99}.Release|Any CPU.ActiveCfg = Release|Any CPU
		{68D8A0D0-4E15-4B93-BD40-1B16E0B48B99}.Release|Any CPU.Build.0 = Release|Any CPU
		{4C7BF124-FD47-4799-8A50-F83F882A9483}.Debug|Any CPU.ActiveCfg = Debug|Any CPU
		{4C7BF124-FD47-4799-8A50-F83F882A9483}.Debug|Any CPU.Build.0 = Debug|Any CPU
		{4C7BF124-FD47-4799-8A50-F83F882A9483}.Develop|Any CPU.ActiveCfg = Debug|Any CPU
		{4C7BF124-FD47-4799-8A50-F83F882A9483}.Develop|Any CPU.Build.0 = Debug|Any CPU
		{4C7BF124-FD47-4799-8A50-F83F882A9483}.Release|Any CPU.ActiveCfg = Release|Any CPU
		{4C7BF124-FD47-4799-8A50-F83F882A9483}.Release|Any CPU.Build.0 = Release|Any CPU
		{CB8B3022-7E29-4D08-86D1-93FE2C2617A1}.Debug|Any CPU.ActiveCfg = Debug|Any CPU
		{CB8B3022-7E29-4D08-86D1-93FE2C2617A1}.Debug|Any CPU.Build.0 = Debug|Any CPU
		{CB8B3022-7E29-4D08-86D1-93FE2C2617A1}.Develop|Any CPU.ActiveCfg = Debug|Any CPU
		{CB8B3022-7E29-4D08-86D1-93FE2C2617A1}.Develop|Any CPU.Build.0 = Debug|Any CPU
		{CB8B3022-7E29-4D08-86D1-93FE2C2617A1}.Release|Any CPU.ActiveCfg = Release|Any CPU
		{CB8B3022-7E29-4D08-86D1-93FE2C2617A1}.Release|Any CPU.Build.0 = Release|Any CPU
		{BDED7CC7-FAF1-4455-8AC2-2B6BCC2AAA34}.Debug|Any CPU.ActiveCfg = Debug|Any CPU
		{BDED7CC7-FAF1-4455-8AC2-2B6BCC2AAA34}.Debug|Any CPU.Build.0 = Debug|Any CPU
		{BDED7CC7-FAF1-4455-8AC2-2B6BCC2AAA34}.Develop|Any CPU.ActiveCfg = Debug|Any CPU
		{BDED7CC7-FAF1-4455-8AC2-2B6BCC2AAA34}.Develop|Any CPU.Build.0 = Debug|Any CPU
		{BDED7CC7-FAF1-4455-8AC2-2B6BCC2AAA34}.Release|Any CPU.ActiveCfg = Release|Any CPU
		{BDED7CC7-FAF1-4455-8AC2-2B6BCC2AAA34}.Release|Any CPU.Build.0 = Release|Any CPU
		{C2F58962-F7E0-455F-85B2-ECEC2ED97942}.Debug|Any CPU.ActiveCfg = Debug|Any CPU
		{C2F58962-F7E0-455F-85B2-ECEC2ED97942}.Debug|Any CPU.Build.0 = Debug|Any CPU
		{C2F58962-F7E0-455F-85B2-ECEC2ED97942}.Develop|Any CPU.ActiveCfg = Debug|Any CPU
		{C2F58962-F7E0-455F-85B2-ECEC2ED97942}.Develop|Any CPU.Build.0 = Debug|Any CPU
		{C2F58962-F7E0-455F-85B2-ECEC2ED97942}.Release|Any CPU.ActiveCfg = Release|Any CPU
		{C2F58962-F7E0-455F-85B2-ECEC2ED97942}.Release|Any CPU.Build.0 = Release|Any CPU
		{5D25F9E6-04A2-4546-AB65-B44D878E668C}.Debug|Any CPU.ActiveCfg = Debug|Any CPU
		{5D25F9E6-04A2-4546-AB65-B44D878E668C}.Debug|Any CPU.Build.0 = Debug|Any CPU
		{5D25F9E6-04A2-4546-AB65-B44D878E668C}.Develop|Any CPU.ActiveCfg = Debug|Any CPU
		{5D25F9E6-04A2-4546-AB65-B44D878E668C}.Develop|Any CPU.Build.0 = Debug|Any CPU
		{5D25F9E6-04A2-4546-AB65-B44D878E668C}.Release|Any CPU.ActiveCfg = Release|Any CPU
		{5D25F9E6-04A2-4546-AB65-B44D878E668C}.Release|Any CPU.Build.0 = Release|Any CPU
		{10956870-334D-4812-9C1A-9D0300452CE4}.Debug|Any CPU.ActiveCfg = Debug|Any CPU
		{10956870-334D-4812-9C1A-9D0300452CE4}.Debug|Any CPU.Build.0 = Debug|Any CPU
		{10956870-334D-4812-9C1A-9D0300452CE4}.Develop|Any CPU.ActiveCfg = Debug|Any CPU
		{10956870-334D-4812-9C1A-9D0300452CE4}.Develop|Any CPU.Build.0 = Debug|Any CPU
		{10956870-334D-4812-9C1A-9D0300452CE4}.Release|Any CPU.ActiveCfg = Release|Any CPU
		{10956870-334D-4812-9C1A-9D0300452CE4}.Release|Any CPU.Build.0 = Release|Any CPU
		{64730EF2-7780-4896-8F40-A6DB4298C283}.Debug|Any CPU.ActiveCfg = Debug|Any CPU
		{64730EF2-7780-4896-8F40-A6DB4298C283}.Debug|Any CPU.Build.0 = Debug|Any CPU
		{64730EF2-7780-4896-8F40-A6DB4298C283}.Develop|Any CPU.ActiveCfg = Debug|Any CPU
		{64730EF2-7780-4896-8F40-A6DB4298C283}.Develop|Any CPU.Build.0 = Debug|Any CPU
		{64730EF2-7780-4896-8F40-A6DB4298C283}.Release|Any CPU.ActiveCfg = Release|Any CPU
		{64730EF2-7780-4896-8F40-A6DB4298C283}.Release|Any CPU.Build.0 = Release|Any CPU
	EndGlobalSection
	GlobalSection(SolutionProperties) = preSolution
		HideSolutionNode = FALSE
	EndGlobalSection
	GlobalSection(NestedProjects) = preSolution
		{18C8AE86-C0D4-4878-8504-6BA9FD6139FE} = {AA57BA54-892A-4F5B-B4DF-397A51FE3133}
		{68D8A0D0-4E15-4B93-BD40-1B16E0B48B99} = {AA57BA54-892A-4F5B-B4DF-397A51FE3133}
		{4C7BF124-FD47-4799-8A50-F83F882A9483} = {AA57BA54-892A-4F5B-B4DF-397A51FE3133}
		{CB8B3022-7E29-4D08-86D1-93FE2C2617A1} = {AA57BA54-892A-4F5B-B4DF-397A51FE3133}
		{BDED7CC7-FAF1-4455-8AC2-2B6BCC2AAA34} = {AA57BA54-892A-4F5B-B4DF-397A51FE3133}
		{C2F58962-F7E0-455F-85B2-ECEC2ED97942} = {AA57BA54-892A-4F5B-B4DF-397A51FE3133}
		{5D25F9E6-04A2-4546-AB65-B44D878E668C} = {AA57BA54-892A-4F5B-B4DF-397A51FE3133}
		{10956870-334D-4812-9C1A-9D0300452CE4} = {AA57BA54-892A-4F5B-B4DF-397A51FE3133}
		{64730EF2-7780-4896-8F40-A6DB4298C283} = {AA57BA54-892A-4F5B-B4DF-397A51FE3133}
	EndGlobalSection
	GlobalSection(ExtensibilityGlobals) = postSolution
		SolutionGuid = {B7C82109-A367-4A89-83FB-D4187677A573}
	EndGlobalSection
EndGlobal
